// !$*UTF8*$!
{
	archiveVersion = 1;
	classes = {
	};
	objectVersion = 56;
	objects = {

/* Begin PBXBuildFile section */
		392D2D0C2AE5101100C50D44 /* AppDelegate.swift in Sources */ = {isa = PBXBuildFile; fileRef = 392D2D0B2AE5101100C50D44 /* AppDelegate.swift */; };
		392D2D152AE5101300C50D44 /* Assets.xcassets in Resources */ = {isa = PBXBuildFile; fileRef = 392D2D142AE5101300C50D44 /* Assets.xcassets */; };
		392D2D182AE5101300C50D44 /* LaunchScreen.storyboard in Resources */ = {isa = PBXBuildFile; fileRef = 392D2D162AE5101300C50D44 /* LaunchScreen.storyboard */; };
		392D2D232AE5101400C50D44 /* MyCloudMusicTests.swift in Sources */ = {isa = PBXBuildFile; fileRef = 392D2D222AE5101400C50D44 /* MyCloudMusicTests.swift */; };
		392D2D2D2AE5101400C50D44 /* MyCloudMusicUITests.swift in Sources */ = {isa = PBXBuildFile; fileRef = 392D2D2C2AE5101400C50D44 /* MyCloudMusicUITests.swift */; };
		392D2D2F2AE5101400C50D44 /* MyCloudMusicUITestsLaunchTests.swift in Sources */ = {isa = PBXBuildFile; fileRef = 392D2D2E2AE5101400C50D44 /* MyCloudMusicUITestsLaunchTests.swift */; };
		392D2D3F2AE516B000C50D44 /* SplashViewController.swift in Sources */ = {isa = PBXBuildFile; fileRef = 392D2D3E2AE516B000C50D44 /* SplashViewController.swift */; };
		39A83ACC2AE55A430053D488 /* SuperDateUtil.swift in Sources */ = {isa = PBXBuildFile; fileRef = 39A83ACB2AE55A430053D488 /* SuperDateUtil.swift */; };
		39A83ACF2AE55D000053D488 /* Localizable.strings in Resources */ = {isa = PBXBuildFile; fileRef = 39A83AD12AE55D000053D488 /* Localizable.strings */; };
		39A83AD62AE55E3F0053D488 /* InfoPlist.strings in Resources */ = {isa = PBXBuildFile; fileRef = 39A83AD82AE55E3F0053D488 /* InfoPlist.strings */; };
		39A83ADC2AE562910053D488 /* R.generated.swift in Sources */ = {isa = PBXBuildFile; fileRef = 39A83ADB2AE562910053D488 /* R.generated.swift */; };
		39A83ADF2AE566FC0053D488 /* SuperUIColorExtension.swift in Sources */ = {isa = PBXBuildFile; fileRef = 39A83ADE2AE566FC0053D488 /* SuperUIColorExtension.swift */; };
		39A83AE12AE568C90053D488 /* SuperUIThemeExtension.swift in Sources */ = {isa = PBXBuildFile; fileRef = 39A83AE02AE568C90053D488 /* SuperUIThemeExtension.swift */; };
		39A83AE42AE56BD20053D488 /* BaseController.swift in Sources */ = {isa = PBXBuildFile; fileRef = 39A83AE32AE56BD20053D488 /* BaseController.swift */; };
		39A83AE62AE56C5A0053D488 /* BaseCommonController.swift in Sources */ = {isa = PBXBuildFile; fileRef = 39A83AE52AE56C5A0053D488 /* BaseCommonController.swift */; };
		39A83AE82AE56D210053D488 /* BaseLogicController.swift in Sources */ = {isa = PBXBuildFile; fileRef = 39A83AE72AE56D210053D488 /* BaseLogicController.swift */; };
		39A83AEA2AE57D4B0053D488 /* BaseTitleController.swift in Sources */ = {isa = PBXBuildFile; fileRef = 39A83AE92AE57D4B0053D488 /* BaseTitleController.swift */; };
		71ED5D11F9190E2C3C78A485 /* Pods_MyCloudMusic_MyCloudMusicUITests.framework in Frameworks */ = {isa = PBXBuildFile; fileRef = 6B9C178D2240B0B91CA5E205 /* Pods_MyCloudMusic_MyCloudMusicUITests.framework */; };
		D2DD3B48FFB4BAD592153176 /* Pods_MyCloudMusicTests.framework in Frameworks */ = {isa = PBXBuildFile; fileRef = 4756C60DFC1E250203EFD3D9 /* Pods_MyCloudMusicTests.framework */; };
		F99ECE9A4A1C64859B9A34C8 /* Pods_MyCloudMusic.framework in Frameworks */ = {isa = PBXBuildFile; fileRef = 395CA41DAEB1C7AC2797C286 /* Pods_MyCloudMusic.framework */; };
/* End PBXBuildFile section */

/* Begin PBXContainerItemProxy section */
		392D2D1F2AE5101400C50D44 /* PBXContainerItemProxy */ = {
			isa = PBXContainerItemProxy;
			containerPortal = 392D2D002AE5101100C50D44 /* Project object */;
			proxyType = 1;
			remoteGlobalIDString = 392D2D072AE5101100C50D44;
			remoteInfo = MyCloudMusic;
		};
		392D2D292AE5101400C50D44 /* PBXContainerItemProxy */ = {
			isa = PBXContainerItemProxy;
			containerPortal = 392D2D002AE5101100C50D44 /* Project object */;
			proxyType = 1;
			remoteGlobalIDString = 392D2D072AE5101100C50D44;
			remoteInfo = MyCloudMusic;
		};
/* End PBXContainerItemProxy section */

/* Begin PBXFileReference section */
		289FAB1CF390140DDA5D4A71 /* Pods-MyCloudMusic-MyCloudMusicUITests.release.xcconfig */ = {isa = PBXFileReference; includeInIndex = 1; lastKnownFileType = text.xcconfig; name = "Pods-MyCloudMusic-MyCloudMusicUITests.release.xcconfig"; path = "Target Support Files/Pods-MyCloudMusic-MyCloudMusicUITests/Pods-MyCloudMusic-MyCloudMusicUITests.release.xcconfig"; sourceTree = "<group>"; };
		392D2D082AE5101100C50D44 /* MyCloudMusic.app */ = {isa = PBXFileReference; explicitFileType = wrapper.application; includeInIndex = 0; path = MyCloudMusic.app; sourceTree = BUILT_PRODUCTS_DIR; };
		392D2D0B2AE5101100C50D44 /* AppDelegate.swift */ = {isa = PBXFileReference; lastKnownFileType = sourcecode.swift; path = AppDelegate.swift; sourceTree = "<group>"; };
		392D2D142AE5101300C50D44 /* Assets.xcassets */ = {isa = PBXFileReference; lastKnownFileType = folder.assetcatalog; path = Assets.xcassets; sourceTree = "<group>"; };
		392D2D172AE5101300C50D44 /* Base */ = {isa = PBXFileReference; lastKnownFileType = file.storyboard; name = Base; path = Base.lproj/LaunchScreen.storyboard; sourceTree = "<group>"; };
		392D2D192AE5101300C50D44 /* Info.plist */ = {isa = PBXFileReference; lastKnownFileType = text.plist.xml; path = Info.plist; sourceTree = "<group>"; };
		392D2D1E2AE5101400C50D44 /* MyCloudMusicTests.xctest */ = {isa = PBXFileReference; explicitFileType = wrapper.cfbundle; includeInIndex = 0; path = MyCloudMusicTests.xctest; sourceTree = BUILT_PRODUCTS_DIR; };
		392D2D222AE5101400C50D44 /* MyCloudMusicTests.swift */ = {isa = PBXFileReference; lastKnownFileType = sourcecode.swift; path = MyCloudMusicTests.swift; sourceTree = "<group>"; };
		392D2D282AE5101400C50D44 /* MyCloudMusicUITests.xctest */ = {isa = PBXFileReference; explicitFileType = wrapper.cfbundle; includeInIndex = 0; path = MyCloudMusicUITests.xctest; sourceTree = BUILT_PRODUCTS_DIR; };
		392D2D2C2AE5101400C50D44 /* MyCloudMusicUITests.swift */ = {isa = PBXFileReference; lastKnownFileType = sourcecode.swift; path = MyCloudMusicUITests.swift; sourceTree = "<group>"; };
		392D2D2E2AE5101400C50D44 /* MyCloudMusicUITestsLaunchTests.swift */ = {isa = PBXFileReference; lastKnownFileType = sourcecode.swift; path = MyCloudMusicUITestsLaunchTests.swift; sourceTree = "<group>"; };
		392D2D3E2AE516B000C50D44 /* SplashViewController.swift */ = {isa = PBXFileReference; lastKnownFileType = sourcecode.swift; path = SplashViewController.swift; sourceTree = "<group>"; };
		395CA41DAEB1C7AC2797C286 /* Pods_MyCloudMusic.framework */ = {isa = PBXFileReference; explicitFileType = wrapper.framework; includeInIndex = 0; path = Pods_MyCloudMusic.framework; sourceTree = BUILT_PRODUCTS_DIR; };
		39A83ACB2AE55A430053D488 /* SuperDateUtil.swift */ = {isa = PBXFileReference; lastKnownFileType = sourcecode.swift; path = SuperDateUtil.swift; sourceTree = "<group>"; };
		39A83AD02AE55D000053D488 /* en */ = {isa = PBXFileReference; lastKnownFileType = text.plist.strings; name = en; path = en.lproj/Localizable.strings; sourceTree = "<group>"; };
		39A83AD22AE55D0A0053D488 /* zh-Hans */ = {isa = PBXFileReference; lastKnownFileType = text.plist.strings; name = "zh-Hans"; path = "zh-Hans.lproj/LaunchScreen.strings"; sourceTree = "<group>"; };
		39A83AD32AE55D0A0053D488 /* zh-Hans */ = {isa = PBXFileReference; lastKnownFileType = text.plist.strings; name = "zh-Hans"; path = "zh-Hans.lproj/Localizable.strings"; sourceTree = "<group>"; };
		39A83AD72AE55E3F0053D488 /* en */ = {isa = PBXFileReference; lastKnownFileType = text.plist.strings; name = en; path = en.lproj/InfoPlist.strings; sourceTree = "<group>"; };
		39A83AD92AE55E4A0053D488 /* zh-Hans */ = {isa = PBXFileReference; lastKnownFileType = text.plist.strings; name = "zh-Hans"; path = "zh-Hans.lproj/InfoPlist.strings"; sourceTree = "<group>"; };
		39A83ADB2AE562910053D488 /* R.generated.swift */ = {isa = PBXFileReference; fileEncoding = 4; lastKnownFileType = sourcecode.swift; path = R.generated.swift; sourceTree = SOURCE_ROOT; };
		39A83ADE2AE566FC0053D488 /* SuperUIColorExtension.swift */ = {isa = PBXFileReference; lastKnownFileType = sourcecode.swift; path = SuperUIColorExtension.swift; sourceTree = "<group>"; };
		39A83AE02AE568C90053D488 /* SuperUIThemeExtension.swift */ = {isa = PBXFileReference; lastKnownFileType = sourcecode.swift; path = SuperUIThemeExtension.swift; sourceTree = "<group>"; };
		39A83AE32AE56BD20053D488 /* BaseController.swift */ = {isa = PBXFileReference; lastKnownFileType = sourcecode.swift; path = BaseController.swift; sourceTree = "<group>"; };
		39A83AE52AE56C5A0053D488 /* BaseCommonController.swift */ = {isa = PBXFileReference; lastKnownFileType = sourcecode.swift; path = BaseCommonController.swift; sourceTree = "<group>"; };
		39A83AE72AE56D210053D488 /* BaseLogicController.swift */ = {isa = PBXFileReference; lastKnownFileType = sourcecode.swift; path = BaseLogicController.swift; sourceTree = "<group>"; };
		39A83AE92AE57D4B0053D488 /* BaseTitleController.swift */ = {isa = PBXFileReference; lastKnownFileType = sourcecode.swift; path = BaseTitleController.swift; sourceTree = "<group>"; };
		4756C60DFC1E250203EFD3D9 /* Pods_MyCloudMusicTests.framework */ = {isa = PBXFileReference; explicitFileType = wrapper.framework; includeInIndex = 0; path = Pods_MyCloudMusicTests.framework; sourceTree = BUILT_PRODUCTS_DIR; };
		4C3DC0EEF31FDF4397705880 /* Pods-MyCloudMusic.debug.xcconfig */ = {isa = PBXFileReference; includeInIndex = 1; lastKnownFileType = text.xcconfig; name = "Pods-MyCloudMusic.debug.xcconfig"; path = "Target Support Files/Pods-MyCloudMusic/Pods-MyCloudMusic.debug.xcconfig"; sourceTree = "<group>"; };
		67909AD00CFB514C2105F089 /* Pods-MyCloudMusic.release.xcconfig */ = {isa = PBXFileReference; includeInIndex = 1; lastKnownFileType = text.xcconfig; name = "Pods-MyCloudMusic.release.xcconfig"; path = "Target Support Files/Pods-MyCloudMusic/Pods-MyCloudMusic.release.xcconfig"; sourceTree = "<group>"; };
		6B9C178D2240B0B91CA5E205 /* Pods_MyCloudMusic_MyCloudMusicUITests.framework */ = {isa = PBXFileReference; explicitFileType = wrapper.framework; includeInIndex = 0; path = Pods_MyCloudMusic_MyCloudMusicUITests.framework; sourceTree = BUILT_PRODUCTS_DIR; };
		912F9382B34D8B1B58D27788 /* Pods-MyCloudMusicTests.debug.xcconfig */ = {isa = PBXFileReference; includeInIndex = 1; lastKnownFileType = text.xcconfig; name = "Pods-MyCloudMusicTests.debug.xcconfig"; path = "Target Support Files/Pods-MyCloudMusicTests/Pods-MyCloudMusicTests.debug.xcconfig"; sourceTree = "<group>"; };
		AA744D0AA9075A55D7BA6EA0 /* Pods-MyCloudMusic-MyCloudMusicUITests.debug.xcconfig */ = {isa = PBXFileReference; includeInIndex = 1; lastKnownFileType = text.xcconfig; name = "Pods-MyCloudMusic-MyCloudMusicUITests.debug.xcconfig"; path = "Target Support Files/Pods-MyCloudMusic-MyCloudMusicUITests/Pods-MyCloudMusic-MyCloudMusicUITests.debug.xcconfig"; sourceTree = "<group>"; };
		F0339FF07C6FB26A117E142F /* Pods-MyCloudMusicTests.release.xcconfig */ = {isa = PBXFileReference; includeInIndex = 1; lastKnownFileType = text.xcconfig; name = "Pods-MyCloudMusicTests.release.xcconfig"; path = "Target Support Files/Pods-MyCloudMusicTests/Pods-MyCloudMusicTests.release.xcconfig"; sourceTree = "<group>"; };
/* End PBXFileReference section */

/* Begin PBXFrameworksBuildPhase section */
		392D2D052AE5101100C50D44 /* Frameworks */ = {
			isa = PBXFrameworksBuildPhase;
			buildActionMask = 2147483647;
			files = (
				F99ECE9A4A1C64859B9A34C8 /* Pods_MyCloudMusic.framework in Frameworks */,
			);
			runOnlyForDeploymentPostprocessing = 0;
		};
		392D2D1B2AE5101400C50D44 /* Frameworks */ = {
			isa = PBXFrameworksBuildPhase;
			buildActionMask = 2147483647;
			files = (
				D2DD3B48FFB4BAD592153176 /* Pods_MyCloudMusicTests.framework in Frameworks */,
			);
			runOnlyForDeploymentPostprocessing = 0;
		};
		392D2D252AE5101400C50D44 /* Frameworks */ = {
			isa = PBXFrameworksBuildPhase;
			buildActionMask = 2147483647;
			files = (
				71ED5D11F9190E2C3C78A485 /* Pods_MyCloudMusic_MyCloudMusicUITests.framework in Frameworks */,
			);
			runOnlyForDeploymentPostprocessing = 0;
		};
/* End PBXFrameworksBuildPhase section */

/* Begin PBXGroup section */
		1C7B7B275D99DE7C85B44CB0 /* Frameworks */ = {
			isa = PBXGroup;
			children = (
				395CA41DAEB1C7AC2797C286 /* Pods_MyCloudMusic.framework */,
				6B9C178D2240B0B91CA5E205 /* Pods_MyCloudMusic_MyCloudMusicUITests.framework */,
				4756C60DFC1E250203EFD3D9 /* Pods_MyCloudMusicTests.framework */,
			);
			name = Frameworks;
			sourceTree = "<group>";
		};
		392D2CFF2AE5101100C50D44 = {
			isa = PBXGroup;
			children = (
				392D2D0A2AE5101100C50D44 /* MyCloudMusic */,
				392D2D212AE5101400C50D44 /* MyCloudMusicTests */,
				392D2D2B2AE5101400C50D44 /* MyCloudMusicUITests */,
				392D2D092AE5101100C50D44 /* Products */,
				84DA677397A17740E347934A /* Pods */,
				1C7B7B275D99DE7C85B44CB0 /* Frameworks */,
			);
			sourceTree = "<group>";
		};
		392D2D092AE5101100C50D44 /* Products */ = {
			isa = PBXGroup;
			children = (
				392D2D082AE5101100C50D44 /* MyCloudMusic.app */,
				392D2D1E2AE5101400C50D44 /* MyCloudMusicTests.xctest */,
				392D2D282AE5101400C50D44 /* MyCloudMusicUITests.xctest */,
			);
			name = Products;
			sourceTree = "<group>";
		};
		392D2D0A2AE5101100C50D44 /* MyCloudMusic */ = {
			isa = PBXGroup;
			children = (
				39A83AE22AE56BB10053D488 /* Controller */,
				39A83ADD2AE566C10053D488 /* Config */,
				39A83AC92AE559B70053D488 /* Vender */,
				392D2D3B2AE5168100C50D44 /* Component */,
				392D2D0B2AE5101100C50D44 /* AppDelegate.swift */,
				39A83ADB2AE562910053D488 /* R.generated.swift */,
				392D2D142AE5101300C50D44 /* Assets.xcassets */,
				392D2D162AE5101300C50D44 /* LaunchScreen.storyboard */,
				392D2D192AE5101300C50D44 /* Info.plist */,
				39A83AD12AE55D000053D488 /* Localizable.strings */,
				39A83AD82AE55E3F0053D488 /* InfoPlist.strings */,
			);
			path = MyCloudMusic;
			sourceTree = "<group>";
		};
		392D2D212AE5101400C50D44 /* MyCloudMusicTests */ = {
			isa = PBXGroup;
			children = (
				392D2D222AE5101400C50D44 /* MyCloudMusicTests.swift */,
			);
			path = MyCloudMusicTests;
			sourceTree = "<group>";
		};
		392D2D2B2AE5101400C50D44 /* MyCloudMusicUITests */ = {
			isa = PBXGroup;
			children = (
				392D2D2C2AE5101400C50D44 /* MyCloudMusicUITests.swift */,
				392D2D2E2AE5101400C50D44 /* MyCloudMusicUITestsLaunchTests.swift */,
			);
			path = MyCloudMusicUITests;
			sourceTree = "<group>";
		};
		392D2D3B2AE5168100C50D44 /* Component */ = {
			isa = PBXGroup;
			children = (
				392D2D3C2AE5168A00C50D44 /* Splash */,
			);
			path = Component;
			sourceTree = "<group>";
		};
		392D2D3C2AE5168A00C50D44 /* Splash */ = {
			isa = PBXGroup;
			children = (
				392D2D3D2AE5169300C50D44 /* Controller */,
			);
			path = Splash;
			sourceTree = "<group>";
		};
		392D2D3D2AE5169300C50D44 /* Controller */ = {
			isa = PBXGroup;
			children = (
				392D2D3E2AE516B000C50D44 /* SplashViewController.swift */,
			);
			path = Controller;
			sourceTree = "<group>";
		};
		39A83AC92AE559B70053D488 /* Vender */ = {
			isa = PBXGroup;
			children = (
				39A83ACA2AE55A230053D488 /* SuperSwift */,
			);
			path = Vender;
			sourceTree = "<group>";
		};
		39A83ACA2AE55A230053D488 /* SuperSwift */ = {
			isa = PBXGroup;
			children = (
				39A83ACB2AE55A430053D488 /* SuperDateUtil.swift */,
			);
			path = SuperSwift;
			sourceTree = "<group>";
		};
		39A83ADD2AE566C10053D488 /* Config */ = {
			isa = PBXGroup;
			children = (
				39A83ADE2AE566FC0053D488 /* SuperUIColorExtension.swift */,
				39A83AE02AE568C90053D488 /* SuperUIThemeExtension.swift */,
			);
			path = Config;
			sourceTree = "<group>";
		};
		39A83AE22AE56BB10053D488 /* Controller */ = {
			isa = PBXGroup;
			children = (
				39A83AE32AE56BD20053D488 /* BaseController.swift */,
				39A83AE52AE56C5A0053D488 /* BaseCommonController.swift */,
				39A83AE72AE56D210053D488 /* BaseLogicController.swift */,
				39A83AE92AE57D4B0053D488 /* BaseTitleController.swift */,
			);
			path = Controller;
			sourceTree = "<group>";
		};
		84DA677397A17740E347934A /* Pods */ = {
			isa = PBXGroup;
			children = (
				4C3DC0EEF31FDF4397705880 /* Pods-MyCloudMusic.debug.xcconfig */,
				67909AD00CFB514C2105F089 /* Pods-MyCloudMusic.release.xcconfig */,
				AA744D0AA9075A55D7BA6EA0 /* Pods-MyCloudMusic-MyCloudMusicUITests.debug.xcconfig */,
				289FAB1CF390140DDA5D4A71 /* Pods-MyCloudMusic-MyCloudMusicUITests.release.xcconfig */,
				912F9382B34D8B1B58D27788 /* Pods-MyCloudMusicTests.debug.xcconfig */,
				F0339FF07C6FB26A117E142F /* Pods-MyCloudMusicTests.release.xcconfig */,
			);
			path = Pods;
			sourceTree = "<group>";
		};
/* End PBXGroup section */

/* Begin PBXNativeTarget section */
		392D2D072AE5101100C50D44 /* MyCloudMusic */ = {
			isa = PBXNativeTarget;
			buildConfigurationList = 392D2D322AE5101400C50D44 /* Build configuration list for PBXNativeTarget "MyCloudMusic" */;
			buildPhases = (
				993D9983F4C873C61B7CF640 /* [CP] Check Pods Manifest.lock */,
				39A83ADA2AE561000053D488 /* ShellScript */,
				392D2D042AE5101100C50D44 /* Sources */,
				392D2D052AE5101100C50D44 /* Frameworks */,
				392D2D062AE5101100C50D44 /* Resources */,
				E009DEB4AD05B5619F42DF8A /* [CP] Embed Pods Frameworks */,
			);
			buildRules = (
			);
			dependencies = (
			);
			name = MyCloudMusic;
			productName = MyCloudMusic;
			productReference = 392D2D082AE5101100C50D44 /* MyCloudMusic.app */;
			productType = "com.apple.product-type.application";
		};
		392D2D1D2AE5101400C50D44 /* MyCloudMusicTests */ = {
			isa = PBXNativeTarget;
			buildConfigurationList = 392D2D352AE5101400C50D44 /* Build configuration list for PBXNativeTarget "MyCloudMusicTests" */;
			buildPhases = (
				990BF76A565442C8F1AF7912 /* [CP] Check Pods Manifest.lock */,
				392D2D1A2AE5101400C50D44 /* Sources */,
				392D2D1B2AE5101400C50D44 /* Frameworks */,
				392D2D1C2AE5101400C50D44 /* Resources */,
			);
			buildRules = (
			);
			dependencies = (
				392D2D202AE5101400C50D44 /* PBXTargetDependency */,
			);
			name = MyCloudMusicTests;
			productName = MyCloudMusicTests;
			productReference = 392D2D1E2AE5101400C50D44 /* MyCloudMusicTests.xctest */;
			productType = "com.apple.product-type.bundle.unit-test";
		};
		392D2D272AE5101400C50D44 /* MyCloudMusicUITests */ = {
			isa = PBXNativeTarget;
			buildConfigurationList = 392D2D382AE5101400C50D44 /* Build configuration list for PBXNativeTarget "MyCloudMusicUITests" */;
			buildPhases = (
				74C6A2026935C959449A1ADC /* [CP] Check Pods Manifest.lock */,
				392D2D242AE5101400C50D44 /* Sources */,
				392D2D252AE5101400C50D44 /* Frameworks */,
				392D2D262AE5101400C50D44 /* Resources */,
				F8A2A31F290D20EDFA8D65BB /* [CP] Embed Pods Frameworks */,
			);
			buildRules = (
			);
			dependencies = (
				392D2D2A2AE5101400C50D44 /* PBXTargetDependency */,
			);
			name = MyCloudMusicUITests;
			productName = MyCloudMusicUITests;
			productReference = 392D2D282AE5101400C50D44 /* MyCloudMusicUITests.xctest */;
			productType = "com.apple.product-type.bundle.ui-testing";
		};
/* End PBXNativeTarget section */

/* Begin PBXProject section */
		392D2D002AE5101100C50D44 /* Project object */ = {
			isa = PBXProject;
			attributes = {
				BuildIndependentTargetsInParallel = 1;
				LastSwiftUpdateCheck = 1500;
				LastUpgradeCheck = 1500;
				TargetAttributes = {
					392D2D072AE5101100C50D44 = {
						CreatedOnToolsVersion = 15.0;
					};
					392D2D1D2AE5101400C50D44 = {
						CreatedOnToolsVersion = 15.0;
						TestTargetID = 392D2D072AE5101100C50D44;
					};
					392D2D272AE5101400C50D44 = {
						CreatedOnToolsVersion = 15.0;
						TestTargetID = 392D2D072AE5101100C50D44;
					};
				};
			};
			buildConfigurationList = 392D2D032AE5101100C50D44 /* Build configuration list for PBXProject "MyCloudMusic" */;
			compatibilityVersion = "Xcode 14.0";
			developmentRegion = en;
			hasScannedForEncodings = 0;
			knownRegions = (
				en,
				Base,
				"zh-Hans",
			);
			mainGroup = 392D2CFF2AE5101100C50D44;
			productRefGroup = 392D2D092AE5101100C50D44 /* Products */;
			projectDirPath = "";
			projectRoot = "";
			targets = (
				392D2D072AE5101100C50D44 /* MyCloudMusic */,
				392D2D1D2AE5101400C50D44 /* MyCloudMusicTests */,
				392D2D272AE5101400C50D44 /* MyCloudMusicUITests */,
			);
		};
/* End PBXProject section */

/* Begin PBXResourcesBuildPhase section */
		392D2D062AE5101100C50D44 /* Resources */ = {
			isa = PBXResourcesBuildPhase;
			buildActionMask = 2147483647;
			files = (
				392D2D182AE5101300C50D44 /* LaunchScreen.storyboard in Resources */,
				39A83AD62AE55E3F0053D488 /* InfoPlist.strings in Resources */,
				39A83ACF2AE55D000053D488 /* Localizable.strings in Resources */,
				392D2D152AE5101300C50D44 /* Assets.xcassets in Resources */,
			);
			runOnlyForDeploymentPostprocessing = 0;
		};
		392D2D1C2AE5101400C50D44 /* Resources */ = {
			isa = PBXResourcesBuildPhase;
			buildActionMask = 2147483647;
			files = (
			);
			runOnlyForDeploymentPostprocessing = 0;
		};
		392D2D262AE5101400C50D44 /* Resources */ = {
			isa = PBXResourcesBuildPhase;
			buildActionMask = 2147483647;
			files = (
			);
			runOnlyForDeploymentPostprocessing = 0;
		};
/* End PBXResourcesBuildPhase section */

/* Begin PBXShellScriptBuildPhase section */
		39A83ADA2AE561000053D488 /* ShellScript */ = {
			isa = PBXShellScriptBuildPhase;
			alwaysOutOfDate = 1;
			buildActionMask = 2147483647;
			files = (
			);
			inputFileListPaths = (
			);
			inputPaths = (
			);
			outputFileListPaths = (
			);
			outputPaths = (
				$SRCROOT/R.generated.swift,
			);
			runOnlyForDeploymentPostprocessing = 0;
			shellPath = /bin/sh;
			shellScript = "# Type a script or drag a script file from your workspace to insert its path.\n\"$PODS_ROOT/R.swift/rswift\" generate \"$SRCROOT/R.generated.swift\"\n";
		};
		74C6A2026935C959449A1ADC /* [CP] Check Pods Manifest.lock */ = {
			isa = PBXShellScriptBuildPhase;
			buildActionMask = 2147483647;
			files = (
			);
			inputFileListPaths = (
			);
			inputPaths = (
				"${PODS_PODFILE_DIR_PATH}/Podfile.lock",
				"${PODS_ROOT}/Manifest.lock",
			);
			name = "[CP] Check Pods Manifest.lock";
			outputFileListPaths = (
			);
			outputPaths = (
				"$(DERIVED_FILE_DIR)/Pods-MyCloudMusic-MyCloudMusicUITests-checkManifestLockResult.txt",
			);
			runOnlyForDeploymentPostprocessing = 0;
			shellPath = /bin/sh;
			shellScript = "diff \"${PODS_PODFILE_DIR_PATH}/Podfile.lock\" \"${PODS_ROOT}/Manifest.lock\" > /dev/null\nif [ $? != 0 ] ; then\n    # print error to STDERR\n    echo \"error: The sandbox is not in sync with the Podfile.lock. Run 'pod install' or update your CocoaPods installation.\" >&2\n    exit 1\nfi\n# This output is used by Xcode 'outputs' to avoid re-running this script phase.\necho \"SUCCESS\" > \"${SCRIPT_OUTPUT_FILE_0}\"\n";
			showEnvVarsInLog = 0;
		};
		990BF76A565442C8F1AF7912 /* [CP] Check Pods Manifest.lock */ = {
			isa = PBXShellScriptBuildPhase;
			buildActionMask = 2147483647;
			files = (
			);
			inputFileListPaths = (
			);
			inputPaths = (
				"${PODS_PODFILE_DIR_PATH}/Podfile.lock",
				"${PODS_ROOT}/Manifest.lock",
			);
			name = "[CP] Check Pods Manifest.lock";
			outputFileListPaths = (
			);
			outputPaths = (
				"$(DERIVED_FILE_DIR)/Pods-MyCloudMusicTests-checkManifestLockResult.txt",
			);
			runOnlyForDeploymentPostprocessing = 0;
			shellPath = /bin/sh;
			shellScript = "diff \"${PODS_PODFILE_DIR_PATH}/Podfile.lock\" \"${PODS_ROOT}/Manifest.lock\" > /dev/null\nif [ $? != 0 ] ; then\n    # print error to STDERR\n    echo \"error: The sandbox is not in sync with the Podfile.lock. Run 'pod install' or update your CocoaPods installation.\" >&2\n    exit 1\nfi\n# This output is used by Xcode 'outputs' to avoid re-running this script phase.\necho \"SUCCESS\" > \"${SCRIPT_OUTPUT_FILE_0}\"\n";
			showEnvVarsInLog = 0;
		};
		993D9983F4C873C61B7CF640 /* [CP] Check Pods Manifest.lock */ = {
			isa = PBXShellScriptBuildPhase;
			buildActionMask = 2147483647;
			files = (
			);
			inputFileListPaths = (
			);
			inputPaths = (
				"${PODS_PODFILE_DIR_PATH}/Podfile.lock",
				"${PODS_ROOT}/Manifest.lock",
			);
			name = "[CP] Check Pods Manifest.lock";
			outputFileListPaths = (
			);
			outputPaths = (
				"$(DERIVED_FILE_DIR)/Pods-MyCloudMusic-checkManifestLockResult.txt",
			);
			runOnlyForDeploymentPostprocessing = 0;
			shellPath = /bin/sh;
			shellScript = "diff \"${PODS_PODFILE_DIR_PATH}/Podfile.lock\" \"${PODS_ROOT}/Manifest.lock\" > /dev/null\nif [ $? != 0 ] ; then\n    # print error to STDERR\n    echo \"error: The sandbox is not in sync with the Podfile.lock. Run 'pod install' or update your CocoaPods installation.\" >&2\n    exit 1\nfi\n# This output is used by Xcode 'outputs' to avoid re-running this script phase.\necho \"SUCCESS\" > \"${SCRIPT_OUTPUT_FILE_0}\"\n";
			showEnvVarsInLog = 0;
		};
		E009DEB4AD05B5619F42DF8A /* [CP] Embed Pods Frameworks */ = {
			isa = PBXShellScriptBuildPhase;
			buildActionMask = 2147483647;
			files = (
			);
			inputFileListPaths = (
				"${PODS_ROOT}/Target Support Files/Pods-MyCloudMusic/Pods-MyCloudMusic-frameworks-${CONFIGURATION}-input-files.xcfilelist",
			);
			name = "[CP] Embed Pods Frameworks";
			outputFileListPaths = (
				"${PODS_ROOT}/Target Support Files/Pods-MyCloudMusic/Pods-MyCloudMusic-frameworks-${CONFIGURATION}-output-files.xcfilelist",
			);
			runOnlyForDeploymentPostprocessing = 0;
			shellPath = /bin/sh;
			shellScript = "\"${PODS_ROOT}/Target Support Files/Pods-MyCloudMusic/Pods-MyCloudMusic-frameworks.sh\"\n";
			showEnvVarsInLog = 0;
		};
		F8A2A31F290D20EDFA8D65BB /* [CP] Embed Pods Frameworks */ = {
			isa = PBXShellScriptBuildPhase;
			buildActionMask = 2147483647;
			files = (
			);
			inputFileListPaths = (
				"${PODS_ROOT}/Target Support Files/Pods-MyCloudMusic-MyCloudMusicUITests/Pods-MyCloudMusic-MyCloudMusicUITests-frameworks-${CONFIGURATION}-input-files.xcfilelist",
			);
			name = "[CP] Embed Pods Frameworks";
			outputFileListPaths = (
				"${PODS_ROOT}/Target Support Files/Pods-MyCloudMusic-MyCloudMusicUITests/Pods-MyCloudMusic-MyCloudMusicUITests-frameworks-${CONFIGURATION}-output-files.xcfilelist",
			);
			runOnlyForDeploymentPostprocessing = 0;
			shellPath = /bin/sh;
			shellScript = "\"${PODS_ROOT}/Target Support Files/Pods-MyCloudMusic-MyCloudMusicUITests/Pods-MyCloudMusic-MyCloudMusicUITests-frameworks.sh\"\n";
			showEnvVarsInLog = 0;
		};
/* End PBXShellScriptBuildPhase section */

/* Begin PBXSourcesBuildPhase section */
		392D2D042AE5101100C50D44 /* Sources */ = {
			isa = PBXSourcesBuildPhase;
			buildActionMask = 2147483647;
			files = (
				392D2D0C2AE5101100C50D44 /* AppDelegate.swift in Sources */,
				39A83AEA2AE57D4B0053D488 /* BaseTitleController.swift in Sources */,
				39A83AE12AE568C90053D488 /* SuperUIThemeExtension.swift in Sources */,
				39A83AE42AE56BD20053D488 /* BaseController.swift in Sources */,
				39A83AE82AE56D210053D488 /* BaseLogicController.swift in Sources */,
				39A83ACC2AE55A430053D488 /* SuperDateUtil.swift in Sources */,
				39A83ADF2AE566FC0053D488 /* SuperUIColorExtension.swift in Sources */,
				39A83AE62AE56C5A0053D488 /* BaseCommonController.swift in Sources */,
				392D2D3F2AE516B000C50D44 /* SplashViewController.swift in Sources */,
				39A83ADC2AE562910053D488 /* R.generated.swift in Sources */,
			);
			runOnlyForDeploymentPostprocessing = 0;
		};
		392D2D1A2AE5101400C50D44 /* Sources */ = {
			isa = PBXSourcesBuildPhase;
			buildActionMask = 2147483647;
			files = (
				392D2D232AE5101400C50D44 /* MyCloudMusicTests.swift in Sources */,
			);
			runOnlyForDeploymentPostprocessing = 0;
		};
		392D2D242AE5101400C50D44 /* Sources */ = {
			isa = PBXSourcesBuildPhase;
			buildActionMask = 2147483647;
			files = (
				392D2D2F2AE5101400C50D44 /* MyCloudMusicUITestsLaunchTests.swift in Sources */,
				392D2D2D2AE5101400C50D44 /* MyCloudMusicUITests.swift in Sources */,
			);
			runOnlyForDeploymentPostprocessing = 0;
		};
/* End PBXSourcesBuildPhase section */

/* Begin PBXTargetDependency section */
		392D2D202AE5101400C50D44 /* PBXTargetDependency */ = {
			isa = PBXTargetDependency;
			target = 392D2D072AE5101100C50D44 /* MyCloudMusic */;
			targetProxy = 392D2D1F2AE5101400C50D44 /* PBXContainerItemProxy */;
		};
		392D2D2A2AE5101400C50D44 /* PBXTargetDependency */ = {
			isa = PBXTargetDependency;
			target = 392D2D072AE5101100C50D44 /* MyCloudMusic */;
			targetProxy = 392D2D292AE5101400C50D44 /* PBXContainerItemProxy */;
		};
/* End PBXTargetDependency section */

/* Begin PBXVariantGroup section */
		392D2D162AE5101300C50D44 /* LaunchScreen.storyboard */ = {
			isa = PBXVariantGroup;
			children = (
				392D2D172AE5101300C50D44 /* Base */,
				39A83AD22AE55D0A0053D488 /* zh-Hans */,
			);
			name = LaunchScreen.storyboard;
			sourceTree = "<group>";
		};
		39A83AD12AE55D000053D488 /* Localizable.strings */ = {
			isa = PBXVariantGroup;
			children = (
				39A83AD02AE55D000053D488 /* en */,
				39A83AD32AE55D0A0053D488 /* zh-Hans */,
			);
			name = Localizable.strings;
			sourceTree = "<group>";
		};
		39A83AD82AE55E3F0053D488 /* InfoPlist.strings */ = {
			isa = PBXVariantGroup;
			children = (
				39A83AD72AE55E3F0053D488 /* en */,
				39A83AD92AE55E4A0053D488 /* zh-Hans */,
			);
			name = InfoPlist.strings;
			sourceTree = "<group>";
		};
/* End PBXVariantGroup section */

/* Begin XCBuildConfiguration section */
		392D2D302AE5101400C50D44 /* Debug */ = {
			isa = XCBuildConfiguration;
			buildSettings = {
				ALWAYS_SEARCH_USER_PATHS = NO;
				ASSETCATALOG_COMPILER_GENERATE_SWIFT_ASSET_SYMBOL_EXTENSIONS = YES;
				CLANG_ANALYZER_LOCALIZABILITY_NONLOCALIZED = YES;
				CLANG_ANALYZER_NONNULL = YES;
				CLANG_ANALYZER_NUMBER_OBJECT_CONVERSION = YES_AGGRESSIVE;
				CLANG_CXX_LANGUAGE_STANDARD = "gnu++20";
				CLANG_ENABLE_MODULES = YES;
				CLANG_ENABLE_OBJC_ARC = YES;
				CLANG_ENABLE_OBJC_WEAK = YES;
				CLANG_WARN_BLOCK_CAPTURE_AUTORELEASING = YES;
				CLANG_WARN_BOOL_CONVERSION = YES;
				CLANG_WARN_COMMA = YES;
				CLANG_WARN_CONSTANT_CONVERSION = YES;
				CLANG_WARN_DEPRECATED_OBJC_IMPLEMENTATIONS = YES;
				CLANG_WARN_DIRECT_OBJC_ISA_USAGE = YES_ERROR;
				CLANG_WARN_DOCUMENTATION_COMMENTS = YES;
				CLANG_WARN_EMPTY_BODY = YES;
				CLANG_WARN_ENUM_CONVERSION = YES;
				CLANG_WARN_INFINITE_RECURSION = YES;
				CLANG_WARN_INT_CONVERSION = YES;
				CLANG_WARN_NON_LITERAL_NULL_CONVERSION = YES;
				CLANG_WARN_OBJC_IMPLICIT_RETAIN_SELF = YES;
				CLANG_WARN_OBJC_LITERAL_CONVERSION = YES;
				CLANG_WARN_OBJC_ROOT_CLASS = YES_ERROR;
				CLANG_WARN_QUOTED_INCLUDE_IN_FRAMEWORK_HEADER = YES;
				CLANG_WARN_RANGE_LOOP_ANALYSIS = YES;
				CLANG_WARN_STRICT_PROTOTYPES = YES;
				CLANG_WARN_SUSPICIOUS_MOVE = YES;
				CLANG_WARN_UNGUARDED_AVAILABILITY = YES_AGGRESSIVE;
				CLANG_WARN_UNREACHABLE_CODE = YES;
				CLANG_WARN__DUPLICATE_METHOD_MATCH = YES;
				COPY_PHASE_STRIP = NO;
				DEBUG_INFORMATION_FORMAT = dwarf;
				ENABLE_STRICT_OBJC_MSGSEND = YES;
				ENABLE_TESTABILITY = YES;
				ENABLE_USER_SCRIPT_SANDBOXING = YES;
				GCC_C_LANGUAGE_STANDARD = gnu17;
				GCC_DYNAMIC_NO_PIC = NO;
				GCC_NO_COMMON_BLOCKS = YES;
				GCC_OPTIMIZATION_LEVEL = 0;
				GCC_PREPROCESSOR_DEFINITIONS = (
					"DEBUG=1",
					"$(inherited)",
				);
				GCC_WARN_64_TO_32_BIT_CONVERSION = YES;
				GCC_WARN_ABOUT_RETURN_TYPE = YES_ERROR;
				GCC_WARN_UNDECLARED_SELECTOR = YES;
				GCC_WARN_UNINITIALIZED_AUTOS = YES_AGGRESSIVE;
				GCC_WARN_UNUSED_FUNCTION = YES;
				GCC_WARN_UNUSED_VARIABLE = YES;
				IPHONEOS_DEPLOYMENT_TARGET = 13.0;
				LOCALIZATION_PREFERS_STRING_CATALOGS = YES;
				MTL_ENABLE_DEBUG_INFO = INCLUDE_SOURCE;
				MTL_FAST_MATH = YES;
				ONLY_ACTIVE_ARCH = YES;
				SDKROOT = iphoneos;
				SWIFT_ACTIVE_COMPILATION_CONDITIONS = "DEBUG $(inherited)";
				SWIFT_OPTIMIZATION_LEVEL = "-Onone";
			};
			name = Debug;
		};
		392D2D312AE5101400C50D44 /* Release */ = {
			isa = XCBuildConfiguration;
			buildSettings = {
				ALWAYS_SEARCH_USER_PATHS = NO;
				ASSETCATALOG_COMPILER_GENERATE_SWIFT_ASSET_SYMBOL_EXTENSIONS = YES;
				CLANG_ANALYZER_LOCALIZABILITY_NONLOCALIZED = YES;
				CLANG_ANALYZER_NONNULL = YES;
				CLANG_ANALYZER_NUMBER_OBJECT_CONVERSION = YES_AGGRESSIVE;
				CLANG_CXX_LANGUAGE_STANDARD = "gnu++20";
				CLANG_ENABLE_MODULES = YES;
				CLANG_ENABLE_OBJC_ARC = YES;
				CLANG_ENABLE_OBJC_WEAK = YES;
				CLANG_WARN_BLOCK_CAPTURE_AUTORELEASING = YES;
				CLANG_WARN_BOOL_CONVERSION = YES;
				CLANG_WARN_COMMA = YES;
				CLANG_WARN_CONSTANT_CONVERSION = YES;
				CLANG_WARN_DEPRECATED_OBJC_IMPLEMENTATIONS = YES;
				CLANG_WARN_DIRECT_OBJC_ISA_USAGE = YES_ERROR;
				CLANG_WARN_DOCUMENTATION_COMMENTS = YES;
				CLANG_WARN_EMPTY_BODY = YES;
				CLANG_WARN_ENUM_CONVERSION = YES;
				CLANG_WARN_INFINITE_RECURSION = YES;
				CLANG_WARN_INT_CONVERSION = YES;
				CLANG_WARN_NON_LITERAL_NULL_CONVERSION = YES;
				CLANG_WARN_OBJC_IMPLICIT_RETAIN_SELF = YES;
				CLANG_WARN_OBJC_LITERAL_CONVERSION = YES;
				CLANG_WARN_OBJC_ROOT_CLASS = YES_ERROR;
				CLANG_WARN_QUOTED_INCLUDE_IN_FRAMEWORK_HEADER = YES;
				CLANG_WARN_RANGE_LOOP_ANALYSIS = YES;
				CLANG_WARN_STRICT_PROTOTYPES = YES;
				CLANG_WARN_SUSPICIOUS_MOVE = YES;
				CLANG_WARN_UNGUARDED_AVAILABILITY = YES_AGGRESSIVE;
				CLANG_WARN_UNREACHABLE_CODE = YES;
				CLANG_WARN__DUPLICATE_METHOD_MATCH = YES;
				COPY_PHASE_STRIP = NO;
				DEBUG_INFORMATION_FORMAT = "dwarf-with-dsym";
				ENABLE_NS_ASSERTIONS = NO;
				ENABLE_STRICT_OBJC_MSGSEND = YES;
				ENABLE_USER_SCRIPT_SANDBOXING = YES;
				GCC_C_LANGUAGE_STANDARD = gnu17;
				GCC_NO_COMMON_BLOCKS = YES;
				GCC_WARN_64_TO_32_BIT_CONVERSION = YES;
				GCC_WARN_ABOUT_RETURN_TYPE = YES_ERROR;
				GCC_WARN_UNDECLARED_SELECTOR = YES;
				GCC_WARN_UNINITIALIZED_AUTOS = YES_AGGRESSIVE;
				GCC_WARN_UNUSED_FUNCTION = YES;
				GCC_WARN_UNUSED_VARIABLE = YES;
				IPHONEOS_DEPLOYMENT_TARGET = 13.0;
				LOCALIZATION_PREFERS_STRING_CATALOGS = YES;
				MTL_ENABLE_DEBUG_INFO = NO;
				MTL_FAST_MATH = YES;
				SDKROOT = iphoneos;
				SWIFT_COMPILATION_MODE = wholemodule;
				VALIDATE_PRODUCT = YES;
			};
			name = Release;
		};
		392D2D332AE5101400C50D44 /* Debug */ = {
			isa = XCBuildConfiguration;
			baseConfigurationReference = 4C3DC0EEF31FDF4397705880 /* Pods-MyCloudMusic.debug.xcconfig */;
			buildSettings = {
				ASSETCATALOG_COMPILER_APPICON_NAME = AppIcon;
				ASSETCATALOG_COMPILER_GLOBAL_ACCENT_COLOR_NAME = AccentColor;
				CODE_SIGN_STYLE = Automatic;
				CURRENT_PROJECT_VERSION = 1;
				DEVELOPMENT_TEAM = 84F8R9TAQN;
				ENABLE_USER_SCRIPT_SANDBOXING = NO;
				GENERATE_INFOPLIST_FILE = YES;
				INFOPLIST_FILE = MyCloudMusic/Info.plist;
				INFOPLIST_KEY_UIApplicationSupportsIndirectInputEvents = YES;
				INFOPLIST_KEY_UILaunchStoryboardName = LaunchScreen;
				INFOPLIST_KEY_UISupportedInterfaceOrientations_iPad = "UIInterfaceOrientationPortrait UIInterfaceOrientationPortraitUpsideDown UIInterfaceOrientationLandscapeLeft UIInterfaceOrientationLandscapeRight";
				INFOPLIST_KEY_UISupportedInterfaceOrientations_iPhone = "UIInterfaceOrientationPortrait UIInterfaceOrientationLandscapeLeft UIInterfaceOrientationLandscapeRight";
				IPHONEOS_DEPLOYMENT_TARGET = 13.0;
				LD_RUNPATH_SEARCH_PATHS = (
					"$(inherited)",
					"@executable_path/Frameworks",
				);
				MARKETING_VERSION = 1.0;
				PRODUCT_BUNDLE_IDENTIFIER = com.yiwen.MyCloudMusic;
				PRODUCT_NAME = "$(TARGET_NAME)";
				SWIFT_EMIT_LOC_STRINGS = YES;
				SWIFT_VERSION = 5.0;
				TARGETED_DEVICE_FAMILY = "1,2";
			};
			name = Debug;
		};
		392D2D342AE5101400C50D44 /* Release */ = {
			isa = XCBuildConfiguration;
			baseConfigurationReference = 67909AD00CFB514C2105F089 /* Pods-MyCloudMusic.release.xcconfig */;
			buildSettings = {
				ASSETCATALOG_COMPILER_APPICON_NAME = AppIcon;
				ASSETCATALOG_COMPILER_GLOBAL_ACCENT_COLOR_NAME = AccentColor;
				CODE_SIGN_STYLE = Automatic;
				CURRENT_PROJECT_VERSION = 1;
				DEVELOPMENT_TEAM = 84F8R9TAQN;
				ENABLE_USER_SCRIPT_SANDBOXING = NO;
				GENERATE_INFOPLIST_FILE = YES;
				INFOPLIST_FILE = MyCloudMusic/Info.plist;
				INFOPLIST_KEY_UIApplicationSupportsIndirectInputEvents = YES;
				INFOPLIST_KEY_UILaunchStoryboardName = LaunchScreen;
				INFOPLIST_KEY_UISupportedInterfaceOrientations_iPad = "UIInterfaceOrientationPortrait UIInterfaceOrientationPortraitUpsideDown UIInterfaceOrientationLandscapeLeft UIInterfaceOrientationLandscapeRight";
				INFOPLIST_KEY_UISupportedInterfaceOrientations_iPhone = "UIInterfaceOrientationPortrait UIInterfaceOrientationLandscapeLeft UIInterfaceOrientationLandscapeRight";
				IPHONEOS_DEPLOYMENT_TARGET = 13.0;
				LD_RUNPATH_SEARCH_PATHS = (
					"$(inherited)",
					"@executable_path/Frameworks",
				);
				MARKETING_VERSION = 1.0;
				PRODUCT_BUNDLE_IDENTIFIER = com.yiwen.MyCloudMusic;
				PRODUCT_NAME = "$(TARGET_NAME)";
				SWIFT_EMIT_LOC_STRINGS = YES;
				SWIFT_VERSION = 5.0;
				TARGETED_DEVICE_FAMILY = "1,2";
			};
			name = Release;
		};
		392D2D362AE5101400C50D44 /* Debug */ = {
			isa = XCBuildConfiguration;
			baseConfigurationReference = 912F9382B34D8B1B58D27788 /* Pods-MyCloudMusicTests.debug.xcconfig */;
			buildSettings = {
				ALWAYS_EMBED_SWIFT_STANDARD_LIBRARIES = YES;
				BUNDLE_LOADER = "$(TEST_HOST)";
				CODE_SIGN_STYLE = Automatic;
				CURRENT_PROJECT_VERSION = 1;
				DEVELOPMENT_TEAM = 84F8R9TAQN;
				GENERATE_INFOPLIST_FILE = YES;
				IPHONEOS_DEPLOYMENT_TARGET = 17.0;
				MARKETING_VERSION = 1.0;
				PRODUCT_BUNDLE_IDENTIFIER = com.yiwen.MyCloudMusicTests;
				PRODUCT_NAME = "$(TARGET_NAME)";
				SUPPORTED_PLATFORMS = "iphoneos iphonesimulator";
				SUPPORTS_MACCATALYST = NO;
				SUPPORTS_MAC_DESIGNED_FOR_IPHONE_IPAD = NO;
				SWIFT_EMIT_LOC_STRINGS = NO;
				SWIFT_VERSION = 5.0;
				TARGETED_DEVICE_FAMILY = 1;
				TEST_HOST = "$(BUILT_PRODUCTS_DIR)/MyCloudMusic.app/$(BUNDLE_EXECUTABLE_FOLDER_PATH)/MyCloudMusic";
			};
			name = Debug;
		};
		392D2D372AE5101400C50D44 /* Release */ = {
			isa = XCBuildConfiguration;
			baseConfigurationReference = F0339FF07C6FB26A117E142F /* Pods-MyCloudMusicTests.release.xcconfig */;
			buildSettings = {
				ALWAYS_EMBED_SWIFT_STANDARD_LIBRARIES = YES;
				BUNDLE_LOADER = "$(TEST_HOST)";
				CODE_SIGN_STYLE = Automatic;
				CURRENT_PROJECT_VERSION = 1;
				DEVELOPMENT_TEAM = 84F8R9TAQN;
				GENERATE_INFOPLIST_FILE = YES;
				IPHONEOS_DEPLOYMENT_TARGET = 17.0;
				MARKETING_VERSION = 1.0;
				PRODUCT_BUNDLE_IDENTIFIER = com.yiwen.MyCloudMusicTests;
				PRODUCT_NAME = "$(TARGET_NAME)";
				SUPPORTED_PLATFORMS = "iphoneos iphonesimulator";
				SUPPORTS_MACCATALYST = NO;
				SUPPORTS_MAC_DESIGNED_FOR_IPHONE_IPAD = NO;
				SWIFT_EMIT_LOC_STRINGS = NO;
				SWIFT_VERSION = 5.0;
				TARGETED_DEVICE_FAMILY = 1;
				TEST_HOST = "$(BUILT_PRODUCTS_DIR)/MyCloudMusic.app/$(BUNDLE_EXECUTABLE_FOLDER_PATH)/MyCloudMusic";
			};
			name = Release;
		};
		392D2D392AE5101400C50D44 /* Debug */ = {
			isa = XCBuildConfiguration;
			baseConfigurationReference = AA744D0AA9075A55D7BA6EA0 /* Pods-MyCloudMusic-MyCloudMusicUITests.debug.xcconfig */;
			buildSettings = {
				ALWAYS_EMBED_SWIFT_STANDARD_LIBRARIES = YES;
				CODE_SIGN_STYLE = Automatic;
				CURRENT_PROJECT_VERSION = 1;
				DEVELOPMENT_TEAM = 84F8R9TAQN;
				GENERATE_INFOPLIST_FILE = YES;
				MARKETING_VERSION = 1.0;
				PRODUCT_BUNDLE_IDENTIFIER = com.yiwen.MyCloudMusicUITests;
				PRODUCT_NAME = "$(TARGET_NAME)";
				SWIFT_EMIT_LOC_STRINGS = NO;
				SWIFT_VERSION = 5.0;
				TARGETED_DEVICE_FAMILY = "1,2";
				TEST_TARGET_NAME = MyCloudMusic;
			};
			name = Debug;
		};
		392D2D3A2AE5101400C50D44 /* Release */ = {
			isa = XCBuildConfiguration;
			baseConfigurationReference = 289FAB1CF390140DDA5D4A71 /* Pods-MyCloudMusic-MyCloudMusicUITests.release.xcconfig */;
			buildSettings = {
				ALWAYS_EMBED_SWIFT_STANDARD_LIBRARIES = YES;
				CODE_SIGN_STYLE = Automatic;
				CURRENT_PROJECT_VERSION = 1;
				DEVELOPMENT_TEAM = 84F8R9TAQN;
				GENERATE_INFOPLIST_FILE = YES;
				MARKETING_VERSION = 1.0;
				PRODUCT_BUNDLE_IDENTIFIER = com.yiwen.MyCloudMusicUITests;
				PRODUCT_NAME = "$(TARGET_NAME)";
				SWIFT_EMIT_LOC_STRINGS = NO;
				SWIFT_VERSION = 5.0;
				TARGETED_DEVICE_FAMILY = "1,2";
				TEST_TARGET_NAME = MyCloudMusic;
			};
			name = Release;
		};
/* End XCBuildConfiguration section */

/* Begin XCConfigurationList section */
		392D2D032AE5101100C50D44 /* Build configuration list for PBXProject "MyCloudMusic" */ = {
			isa = XCConfigurationList;
			buildConfigurations = (
				392D2D302AE5101400C50D44 /* Debug */,
				392D2D312AE5101400C50D44 /* Release */,
			);
			defaultConfigurationIsVisible = 0;
			defaultConfigurationName = Release;
		};
		392D2D322AE5101400C50D44 /* Build configuration list for PBXNativeTarget "MyCloudMusic" */ = {
			isa = XCConfigurationList;
			buildConfigurations = (
				392D2D332AE5101400C50D44 /* Debug */,
				392D2D342AE5101400C50D44 /* Release */,
			);
			defaultConfigurationIsVisible = 0;
			defaultConfigurationName = Release;
		};
		392D2D352AE5101400C50D44 /* Build configuration list for PBXNativeTarget "MyCloudMusicTests" */ = {
			isa = XCConfigurationList;
			buildConfigurations = (
				392D2D362AE5101400C50D44 /* Debug */,
				392D2D372AE5101400C50D44 /* Release */,
			);
			defaultConfigurationIsVisible = 0;
			defaultConfigurationName = Release;
		};
		392D2D382AE5101400C50D44 /* Build configuration list for PBXNativeTarget "MyCloudMusicUITests" */ = {
			isa = XCConfigurationList;
			buildConfigurations = (
				392D2D392AE5101400C50D44 /* Debug */,
				392D2D3A2AE5101400C50D44 /* Release */,
			);
			defaultConfigurationIsVisible = 0;
			defaultConfigurationName = Release;
		};
/* End XCConfigurationList section */
	};
	rootObject = 392D2D002AE5101100C50D44 /* Project object */;
}
